
Microsoft Visual Studio Solution File, Format Version 12.00
# Visual Studio 2015
Project("{FAE04EC0-301F-11D3-BF4B-00C04F79EFBC}") = "VR uArm.Plugins", "VR uArm.Plugins.csproj", "{83E6431D-222F-FDDA-EE31-4E3DA1586206}"
EndProject
Project("{FAE04EC0-301F-11D3-BF4B-00C04F79EFBC}") = "VR uArm", "VR uArm.csproj", "{089017D4-FF61-450C-E99D-9808CBB00F2E}"
EndProject
Project("{FAE04EC0-301F-11D3-BF4B-00C04F79EFBC}") = "VR uArm.Editor", "VR uArm.Editor.csproj", "{18E8E45E-0DE2-6E9A-EDE3-4FD8CBC018B6}"
EndProject
Global
	GlobalSection(SolutionConfigurationPlatforms) = preSolution
		Debug|Any CPU = Debug|Any CPU
		Release|Any CPU = Release|Any CPU
	EndGlobalSection
	GlobalSection(ProjectConfigurationPlatforms) = postSolution
		{83E6431D-222F-FDDA-EE31-4E3DA1586206}.Debug|Any CPU.ActiveCfg = Debug|Any CPU
		{83E6431D-222F-FDDA-EE31-4E3DA1586206}.Debug|Any CPU.Build.0 = Debug|Any CPU
		{83E6431D-222F-FDDA-EE31-4E3DA1586206}.Release|Any CPU.ActiveCfg = Release|Any CPU
		{83E6431D-222F-FDDA-EE31-4E3DA1586206}.Release|Any CPU.Build.0 = Release|Any CPU
		{089017D4-FF61-450C-E99D-9808CBB00F2E}.Debug|Any CPU.ActiveCfg = Debug|Any CPU
		{089017D4-FF61-450C-E99D-9808CBB00F2E}.Debug|Any CPU.Build.0 = Debug|Any CPU
		{089017D4-FF61-450C-E99D-9808CBB00F2E}.Release|Any CPU.ActiveCfg = Release|Any CPU
		{089017D4-FF61-450C-E99D-9808CBB00F2E}.Release|Any CPU.Build.0 = Release|Any CPU
		{18E8E45E-0DE2-6E9A-EDE3-4FD8CBC018B6}.Debug|Any CPU.ActiveCfg = Debug|Any CPU
		{18E8E45E-0DE2-6E9A-EDE3-4FD8CBC018B6}.Debug|Any CPU.Build.0 = Debug|Any CPU
		{18E8E45E-0DE2-6E9A-EDE3-4FD8CBC018B6}.Release|Any CPU.ActiveCfg = Release|Any CPU
		{18E8E45E-0DE2-6E9A-EDE3-4FD8CBC018B6}.Release|Any CPU.Build.0 = Release|Any CPU
	EndGlobalSection
	GlobalSection(SolutionProperties) = preSolution
		HideSolutionNode = FALSE
	EndGlobalSection
EndGlobal
